
Microsoft Visual Studio Solution File, Format Version 12.00
# Visual Studio 15
VisualStudioVersion = 15.0.27004.2006
MinimumVisualStudioVersion = 10.0.40219.1
Project("{FAE04EC0-301F-11D3-BF4B-00C04F79EFBC}") = "FileGenerator", "FileGenerator\FileGenerator.csproj", "{9D16A7E8-4032-4E9F-B7D6-931F49D685DC}"
EndProject
Global
	GlobalSection(SolutionConfigurationPlatforms) = preSolution
		Debug|Any CPU = Debug|Any CPU
		Release|Any CPU = Release|Any CPU
	EndGlobalSection
	GlobalSection(ProjectConfigurationPlatforms) = postSolution
		{9D16A7E8-4032-4E9F-B7D6-931F49D685DC}.Debug|Any CPU.ActiveCfg = Debug|Any CPU
		{9D16A7E8-4032-4E9F-B7D6-931F49D685DC}.Debug|Any CPU.Build.0 = Debug|Any CPU
		{9D16A7E8-4032-4E9F-B7D6-931F49D685DC}.Release|Any CPU.ActiveCfg = Release|Any CPU
		{9D16A7E8-4032-4E9F-B7D6-931F49D685DC}.Release|Any CPU.Build.0 = Release|Any CPU
	EndGlobalSection
	GlobalSection(SolutionProperties) = preSolution
		HideSolutionNode = FALSE
	EndGlobalSection
	GlobalSection(ExtensibilityGlobals) = postSolution
		SolutionGuid = {5BD58592-2D7B-42A2-8E57-84F2B06F1EB6}
	EndGlobalSection
	GlobalSection(TeamFoundationVersionControl) = preSolution
		SccNumberOfProjects = 2
		SccEnterpriseProvider = {4CA58AB2-18FA-4F8D-95D4-32DDF27D184C}
		SccTeamFoundationServer = https://felipebdutra.visualstudio.com/
		SccLocalPath0 = .
		SccProjectUniqueName1 = FileGenerator\\FileGenerator.csproj
		SccProjectName1 = FileGenerator
		SccLocalPath1 = FileGenerator
	EndGlobalSection
EndGlobal
